# This is a Gradle generated file for dependency locking.
# Manual edits can break the build and are not advised.
# This file is expected to be part of source control.
com.atlassian.commonmark:commonmark:0.17.0=oasGenGeneratorTest1,oasGenGeneratorTest3,oasGenGeneratorTest4
com.fasterxml.jackson.core:jackson-annotations:2.13.0=compileClasspath,oasGenGeneratorTest1,oasGenGeneratorTest3,oasGenGeneratorTest4
com.fasterxml.jackson.core:jackson-annotations:2.13.1=testCompileClasspath,testRuntimeClasspath
com.fasterxml.jackson.core:jackson-core:2.13.0=compileClasspath,oasGenGeneratorTest1,oasGenGeneratorTest3,oasGenGeneratorTest4
com.fasterxml.jackson.core:jackson-core:2.13.1=testCompileClasspath,testRuntimeClasspath
com.fasterxml.jackson.core:jackson-databind:2.13.0=compileClasspath,oasGenGeneratorTest1,oasGenGeneratorTest3,oasGenGeneratorTest4
com.fasterxml.jackson.core:jackson-databind:2.13.1=testCompileClasspath,testRuntimeClasspath
com.fasterxml.jackson.dataformat:jackson-dataformat-yaml:2.13.0=oasGenGeneratorTest1,oasGenGeneratorTest3,oasGenGeneratorTest4
com.fasterxml.jackson:jackson-bom:2.13.0=compileClasspath,oasGenGeneratorTest1,oasGenGeneratorTest3,oasGenGeneratorTest4
com.fasterxml.jackson:jackson-bom:2.13.1=testCompileClasspath,testRuntimeClasspath
com.google.code.findbugs:jsr305:3.0.2=compileClasspath,testCompileClasspath,testRuntimeClasspath
io.github.fomin.oas-gen:oas-gen-core:0.2.2-SNAPSHOT=oasGenGeneratorTest1,oasGenGeneratorTest3,oasGenGeneratorTest4
io.github.fomin.oas-gen:oas-gen-java-destruction-test-generator:0.2.2-SNAPSHOT=oasGenGeneratorTest4
io.github.fomin.oas-gen:oas-gen-java-destruction-test-runtime:0.2.2-SNAPSHOT=testCompileClasspath,testRuntimeClasspath
io.github.fomin.oas-gen:oas-gen-java-dto-generator:0.2.2-SNAPSHOT=oasGenGeneratorTest1,oasGenGeneratorTest3,oasGenGeneratorTest4
io.github.fomin.oas-gen:oas-gen-java-dto-runtime:0.2.2-SNAPSHOT=compileClasspath,testCompileClasspath,testRuntimeClasspath
io.github.fomin.oas-gen:oas-gen-java-reactor-netty-generator:0.2.2-SNAPSHOT=oasGenGeneratorTest1,oasGenGeneratorTest3
io.github.fomin.oas-gen:oas-gen-java-reactor-netty-runtime:0.2.2-SNAPSHOT=compileClasspath,testCompileClasspath,testRuntimeClasspath
io.github.fomin.oas-gen:oas-gen-java-url-utils:0.2.2-SNAPSHOT=compileClasspath,testCompileClasspath,testRuntimeClasspath
io.github.fomin.oas-gen:oas-gen-test-schemas:0.2.2-SNAPSHOT=oasGenSourceTest3
io.netty.incubator:netty-incubator-codec-quic:0.0.20.Final=testRuntimeClasspath
io.netty:netty-buffer:4.1.70.Final=compileClasspath,testCompileClasspath,testRuntimeClasspath
io.netty:netty-codec-dns:4.1.70.Final=compileClasspath,testCompileClasspath,testRuntimeClasspath
io.netty:netty-codec-http2:4.1.70.Final=compileClasspath,testCompileClasspath,testRuntimeClasspath
io.netty:netty-codec-http:4.1.70.Final=compileClasspath,testCompileClasspath,testRuntimeClasspath
io.netty:netty-codec-socks:4.1.70.Final=compileClasspath,testCompileClasspath,testRuntimeClasspath
io.netty:netty-codec:4.1.70.Final=compileClasspath,testCompileClasspath,testRuntimeClasspath
io.netty:netty-common:4.1.70.Final=compileClasspath,testCompileClasspath,testRuntimeClasspath
io.netty:netty-handler-proxy:4.1.70.Final=compileClasspath,testCompileClasspath,testRuntimeClasspath
io.netty:netty-handler:4.1.70.Final=compileClasspath,testCompileClasspath,testRuntimeClasspath
io.netty:netty-resolver-dns-classes-macos:4.1.70.Final=compileClasspath,testCompileClasspath,testRuntimeClasspath
io.netty:netty-resolver-dns-native-macos:4.1.70.Final=compileClasspath,testCompileClasspath,testRuntimeClasspath
io.netty:netty-resolver-dns:4.1.70.Final=compileClasspath,testCompileClasspath,testRuntimeClasspath
io.netty:netty-resolver:4.1.70.Final=compileClasspath,testCompileClasspath,testRuntimeClasspath
io.netty:netty-transport-classes-epoll:4.1.70.Final=compileClasspath,testCompileClasspath,testRuntimeClasspath
io.netty:netty-transport-native-epoll:4.1.70.Final=compileClasspath,testCompileClasspath,testRuntimeClasspath
io.netty:netty-transport-native-unix-common:4.1.70.Final=compileClasspath,testCompileClasspath,testRuntimeClasspath
io.netty:netty-transport:4.1.70.Final=compileClasspath,testCompileClasspath,testRuntimeClasspath
io.projectreactor.netty.incubator:reactor-netty-incubator-quic:0.0.2=testRuntimeClasspath
io.projectreactor.netty:reactor-netty-core:1.0.13=compileClasspath,testCompileClasspath,testRuntimeClasspath
io.projectreactor.netty:reactor-netty-http-brave:1.0.13=testRuntimeClasspath
io.projectreactor.netty:reactor-netty-http:1.0.13=compileClasspath,testCompileClasspath,testRuntimeClasspath
io.projectreactor.netty:reactor-netty:1.0.13=compileClasspath,testCompileClasspath,testRuntimeClasspath
io.projectreactor:reactor-core:3.4.12=compileClasspath,testCompileClasspath,testRuntimeClasspath
io.zipkin.brave:brave-instrumentation-http:5.13.3=testRuntimeClasspath
io.zipkin.brave:brave:5.13.3=testRuntimeClasspath
io.zipkin.reporter2:zipkin-reporter-brave:2.16.3=testRuntimeClasspath
io.zipkin.reporter2:zipkin-reporter:2.16.3=testRuntimeClasspath
io.zipkin.zipkin2:zipkin:2.23.2=testRuntimeClasspath
javax.annotation:javax.annotation-api:1.3.2=testCompileClasspath,testRuntimeClasspath
javax.validation:validation-api:2.0.1.Final=testCompileClasspath,testRuntimeClasspath
net.jcip:jcip-annotations:1.0=testCompileClasspath,testRuntimeClasspath
org.apache.commons:commons-lang3:3.12.0=testCompileClasspath,testRuntimeClasspath
org.apache.tomcat.embed:tomcat-embed-core:9.0.44=testCompileClasspath
org.apache.tomcat:tomcat-annotations-api:9.0.44=testCompileClasspath
org.apiguardian:apiguardian-api:1.1.0=testCompileClasspath,testRuntimeClasspath
org.commonmark:commonmark:0.17.0=oasGenGeneratorTest1,oasGenGeneratorTest3,oasGenGeneratorTest4
org.jetbrains.intellij.deps:trove4j:1.0.20181211=kotlinCompilerClasspath
org.jetbrains.kotlin:kotlin-compiler-embeddable:1.5.31=kotlinCompilerClasspath
org.jetbrains.kotlin:kotlin-daemon-embeddable:1.5.31=kotlinCompilerClasspath
org.jetbrains.kotlin:kotlin-reflect:1.5.31=kotlinCompilerClasspath
org.jetbrains.kotlin:kotlin-script-runtime:1.5.31=kotlinCompilerClasspath,kotlinCompilerPluginClasspathTest
org.jetbrains.kotlin:kotlin-scripting-common:1.5.31=kotlinCompilerPluginClasspathTest
org.jetbrains.kotlin:kotlin-scripting-compiler-embeddable:1.5.31=kotlinCompilerPluginClasspathTest
org.jetbrains.kotlin:kotlin-scripting-compiler-impl-embeddable:1.5.31=kotlinCompilerPluginClasspathTest
org.jetbrains.kotlin:kotlin-scripting-jvm:1.5.31=kotlinCompilerPluginClasspathTest
org.jetbrains.kotlin:kotlin-stdlib-common:1.5.31=compileClasspath,kotlinCompilerClasspath,kotlinCompilerPluginClasspathTest,testCompileClasspath,testRuntimeClasspath
org.jetbrains.kotlin:kotlin-stdlib-common:1.6.0=oasGenGeneratorTest1,oasGenGeneratorTest3,oasGenGeneratorTest4
org.jetbrains.kotlin:kotlin-stdlib-jdk7:1.5.0=kotlinCompilerPluginClasspathTest
org.jetbrains.kotlin:kotlin-stdlib-jdk7:1.5.31=compileClasspath,testCompileClasspath,testRuntimeClasspath
org.jetbrains.kotlin:kotlin-stdlib-jdk7:1.6.0=oasGenGeneratorTest1,oasGenGeneratorTest3,oasGenGeneratorTest4
org.jetbrains.kotlin:kotlin-stdlib-jdk8:1.5.0=kotlinCompilerPluginClasspathTest
org.jetbrains.kotlin:kotlin-stdlib-jdk8:1.5.31=compileClasspath,testCompileClasspath,testRuntimeClasspath
org.jetbrains.kotlin:kotlin-stdlib-jdk8:1.6.0=oasGenGeneratorTest1,oasGenGeneratorTest3,oasGenGeneratorTest4
org.jetbrains.kotlin:kotlin-stdlib:1.5.31=compileClasspath,kotlinCompilerClasspath,kotlinCompilerPluginClasspathTest,testCompileClasspath,testRuntimeClasspath
org.jetbrains.kotlin:kotlin-stdlib:1.6.0=oasGenGeneratorTest1,oasGenGeneratorTest3,oasGenGeneratorTest4
org.jetbrains.kotlinx:kotlinx-coroutines-core-jvm:1.5.0=kotlinCompilerPluginClasspathTest
org.jetbrains.kotlinx:kotlinx-coroutines-core:1.5.0=kotlinCompilerPluginClasspathTest
org.jetbrains:annotations:13.0=compileClasspath,kotlinCompilerClasspath,kotlinCompilerPluginClasspathTest,oasGenGeneratorTest1,oasGenGeneratorTest3,oasGenGeneratorTest4,testCompileClasspath,testRuntimeClasspath
org.junit.jupiter:junit-jupiter-api:5.7.1=testCompileClasspath,testRuntimeClasspath
org.junit.jupiter:junit-jupiter-engine:5.7.1=testRuntimeClasspath
org.junit.jupiter:junit-jupiter-params:5.7.1=testCompileClasspath,testRuntimeClasspath
org.junit.jupiter:junit-jupiter:5.7.1=testCompileClasspath,testRuntimeClasspath
org.junit.platform:junit-platform-commons:1.7.1=testCompileClasspath,testRuntimeClasspath
org.junit.platform:junit-platform-engine:1.7.1=testRuntimeClasspath
org.junit:junit-bom:5.7.1=testCompileClasspath,testRuntimeClasspath
org.opentest4j:opentest4j:1.2.0=testCompileClasspath,testRuntimeClasspath
org.reactivestreams:reactive-streams:1.0.3=compileClasspath,testCompileClasspath,testRuntimeClasspath
org.slf4j:slf4j-api:1.7.30=testCompileClasspath,testRuntimeClasspath
org.yaml:snakeyaml:1.28=oasGenGeneratorTest1,oasGenGeneratorTest3,oasGenGeneratorTest4
uk.co.jemos.podam:podam:7.2.7.RELEASE=testCompileClasspath,testRuntimeClasspath
empty=annotationProcessor,oasGenSourceTest1,oasGenSourceTest4,testAnnotationProcessor
